
Microsoft Visual Studio Solution File, Format Version 12.00
# Visual Studio Version 16
VisualStudioVersion = 16.0.32901.82
MinimumVisualStudioVersion = 10.0.40219.1
Project("{FAE04EC0-301F-11D3-BF4B-00C04F79EFBC}") = "PixelCircles", "PixelCircles.csproj", "{F49CF123-DF38-4FD1-8989-B4D7935BCEEF}"
EndProject
Global
	GlobalSection(SolutionConfigurationPlatforms) = preSolution
		Debug|Any CPU = Debug|Any CPU
		Release|Any CPU = Release|Any CPU
	EndGlobalSection
	GlobalSection(ProjectConfigurationPlatforms) = postSolution
		{F49CF123-DF38-4FD1-8989-B4D7935BCEEF}.Debug|Any CPU.ActiveCfg = Debug|Any CPU
		{F49CF123-DF38-4FD1-8989-B4D7935BCEEF}.Debug|Any CPU.Build.0 = Debug|Any CPU
		{F49CF123-DF38-4FD1-8989-B4D7935BCEEF}.Release|Any CPU.ActiveCfg = Release|Any CPU
		{F49CF123-DF38-4FD1-8989-B4D7935BCEEF}.Release|Any CPU.Build.0 = Release|Any CPU
	EndGlobalSection
	GlobalSection(SolutionProperties) = preSolution
		HideSolutionNode = FALSE
	EndGlobalSection
	GlobalSection(ExtensibilityGlobals) = postSolution
		SolutionGuid = {291A0EF7-2B7F-4215-B44A-DAF6AD7B5959}
	EndGlobalSection
EndGlobal
